PODS:
  - Polyline (5.0.2)
  - SnapKit (5.0.1)

DEPENDENCIES:
  - Polyline (~> 5.0)
  - SnapKit (~> 5.0.0)

SPEC REPOS:
  trunk:
    - Polyline
    - SnapKit

SPEC CHECKSUMS:
  Polyline: fce41d72e1146c41c6d081f7656827226f643dff
  SnapKit: 97b92857e3df3a0c71833cce143274bf6ef8e5eb

PODFILE CHECKSUM: 8b75c11e5b65a1f3377a1f7c0ff5004a6eb85ae7

COCOAPODS: 1.9.1
