// !$*UTF8*$!
{
	archiveVersion = 1;
	classes = {
	};
	objectVersion = 50;
	objects = {

/* Begin PBXBuildFile section */
		6E9879FFF5706BC49456B4A8 /* Pods_iOS_route_filler.framework in Frameworks */ = {isa = PBXBuildFile; fileRef = 8C630C5177DF926DB22BD6E4 /* Pods_iOS_route_filler.framework */; };
		F0C9A70E2558955D00234F94 /* AppDelegate.swift in Sources */ = {isa = PBXBuildFile; fileRef = F0C9A70D2558955D00234F94 /* AppDelegate.swift */; };
		F0C9A7102558955D00234F94 /* SceneDelegate.swift in Sources */ = {isa = PBXBuildFile; fileRef = F0C9A70F2558955D00234F94 /* SceneDelegate.swift */; };
		F0C9A7122558955D00234F94 /* ViewController.swift in Sources */ = {isa = PBXBuildFile; fileRef = F0C9A7112558955D00234F94 /* ViewController.swift */; };
		F0C9A7172558955E00234F94 /* Assets.xcassets in Resources */ = {isa = PBXBuildFile; fileRef = F0C9A7162558955E00234F94 /* Assets.xcassets */; };
		F0C9A71A2558955E00234F94 /* LaunchScreen.storyboard in Resources */ = {isa = PBXBuildFile; fileRef = F0C9A7182558955E00234F94 /* LaunchScreen.storyboard */; };
/* End PBXBuildFile section */

/* Begin PBXFileReference section */
		26D0B6CA696BB1AC1D0710D2 /* Pods-iOS-route-filler.debug.xcconfig */ = {isa = PBXFileReference; includeInIndex = 1; lastKnownFileType = text.xcconfig; name = "Pods-iOS-route-filler.debug.xcconfig"; path = "Target Support Files/Pods-iOS-route-filler/Pods-iOS-route-filler.debug.xcconfig"; sourceTree = "<group>"; };
		8C630C5177DF926DB22BD6E4 /* Pods_iOS_route_filler.framework */ = {isa = PBXFileReference; explicitFileType = wrapper.framework; includeInIndex = 0; path = Pods_iOS_route_filler.framework; sourceTree = BUILT_PRODUCTS_DIR; };
		D32BB5A444731EF718F730E2 /* Pods-iOS-route-filler.release.xcconfig */ = {isa = PBXFileReference; includeInIndex = 1; lastKnownFileType = text.xcconfig; name = "Pods-iOS-route-filler.release.xcconfig"; path = "Target Support Files/Pods-iOS-route-filler/Pods-iOS-route-filler.release.xcconfig"; sourceTree = "<group>"; };
		F0C9A70A2558955D00234F94 /* iOS-route-filler.app */ = {isa = PBXFileReference; explicitFileType = wrapper.application; includeInIndex = 0; path = "iOS-route-filler.app"; sourceTree = BUILT_PRODUCTS_DIR; };
		F0C9A70D2558955D00234F94 /* AppDelegate.swift */ = {isa = PBXFileReference; lastKnownFileType = sourcecode.swift; path = AppDelegate.swift; sourceTree = "<group>"; };
		F0C9A70F2558955D00234F94 /* SceneDelegate.swift */ = {isa = PBXFileReference; lastKnownFileType = sourcecode.swift; path = SceneDelegate.swift; sourceTree = "<group>"; };
		F0C9A7112558955D00234F94 /* ViewController.swift */ = {isa = PBXFileReference; lastKnownFileType = sourcecode.swift; path = ViewController.swift; sourceTree = "<group>"; };
		F0C9A7162558955E00234F94 /* Assets.xcassets */ = {isa = PBXFileReference; lastKnownFileType = folder.assetcatalog; path = Assets.xcassets; sourceTree = "<group>"; };
		F0C9A7192558955E00234F94 /* Base */ = {isa = PBXFileReference; lastKnownFileType = file.storyboard; name = Base; path = Base.lproj/LaunchScreen.storyboard; sourceTree = "<group>"; };
		F0C9A71B2558955E00234F94 /* Info.plist */ = {isa = PBXFileReference; lastKnownFileType = text.plist.xml; path = Info.plist; sourceTree = "<group>"; };
/* End PBXFileReference section */

/* Begin PBXFrameworksBuildPhase section */
		F0C9A7072558955D00234F94 /* Frameworks */ = {
			isa = PBXFrameworksBuildPhase;
			buildActionMask = 2147483647;
			files = (
				6E9879FFF5706BC49456B4A8 /* Pods_iOS_route_filler.framework in Frameworks */,
			);
			runOnlyForDeploymentPostprocessing = 0;
		};
/* End PBXFrameworksBuildPhase section */

/* Begin PBXGroup section */
		1846C2B73CEDA3E77D2E0717 /* Frameworks */ = {
			isa = PBXGroup;
			children = (
				8C630C5177DF926DB22BD6E4 /* Pods_iOS_route_filler.framework */,
			);
			name = Frameworks;
			sourceTree = "<group>";
		};
		D7E09E9057C36FB4DB166B37 /* Pods */ = {
			isa = PBXGroup;
			children = (
				26D0B6CA696BB1AC1D0710D2 /* Pods-iOS-route-filler.debug.xcconfig */,
				D32BB5A444731EF718F730E2 /* Pods-iOS-route-filler.release.xcconfig */,
			);
			name = Pods;
			path = Pods;
			sourceTree = "<group>";
		};
		F0C9A7012558955D00234F94 = {
			isa = PBXGroup;
			children = (
				F0C9A70C2558955D00234F94 /* iOS-route-filler */,
				F0C9A70B2558955D00234F94 /* Products */,
				D7E09E9057C36FB4DB166B37 /* Pods */,
				1846C2B73CEDA3E77D2E0717 /* Frameworks */,
			);
			sourceTree = "<group>";
		};
		F0C9A70B2558955D00234F94 /* Products */ = {
			isa = PBXGroup;
			children = (
				F0C9A70A2558955D00234F94 /* iOS-route-filler.app */,
			);
			name = Products;
			sourceTree = "<group>";
		};
		F0C9A70C2558955D00234F94 /* iOS-route-filler */ = {
			isa = PBXGroup;
			children = (
				F0C9A70D2558955D00234F94 /* AppDelegate.swift */,
				F0C9A70F2558955D00234F94 /* SceneDelegate.swift */,
				F0C9A7112558955D00234F94 /* ViewController.swift */,
				F0C9A7162558955E00234F94 /* Assets.xcassets */,
				F0C9A7182558955E00234F94 /* LaunchScreen.storyboard */,
				F0C9A71B2558955E00234F94 /* Info.plist */,
			);
			path = "iOS-route-filler";
			sourceTree = "<group>";
		};
/* End PBXGroup section */

/* Begin PBXNativeTarget section */
		F0C9A7092558955D00234F94 /* iOS-route-filler */ = {
			isa = PBXNativeTarget;
			buildConfigurationList = F0C9A71E2558955E00234F94 /* Build configuration list for PBXNativeTarget "iOS-route-filler" */;
			buildPhases = (
				CE34954714D3F3344276E043 /* [CP] Check Pods Manifest.lock */,
				F0C9A7062558955D00234F94 /* Sources */,
				F0C9A7072558955D00234F94 /* Frameworks */,
				F0C9A7082558955D00234F94 /* Resources */,
				E64385AD6813137F0A17EDF2 /* [CP] Embed Pods Frameworks */,
			);
			buildRules = (
			);
			dependencies = (
			);
			name = "iOS-route-filler";
			productName = "iOS-route-filler";
			productReference = F0C9A70A2558955D00234F94 /* iOS-route-filler.app */;
			productType = "com.apple.product-type.application";
		};
/* End PBXNativeTarget section */

/* Begin PBXProject section */
		F0C9A7022558955D00234F94 /* Project object */ = {
			isa = PBXProject;
			attributes = {
				LastSwiftUpdateCheck = 1170;
				LastUpgradeCheck = 1170;
				ORGANIZATIONNAME = "Hugo Flores Perez";
				TargetAttributes = {
					F0C9A7092558955D00234F94 = {
						CreatedOnToolsVersion = 11.7;
					};
				};
			};
			buildConfigurationList = F0C9A7052558955D00234F94 /* Build configuration list for PBXProject "iOS-route-filler" */;
			compatibilityVersion = "Xcode 9.3";
			developmentRegion = en;
			hasScannedForEncodings = 0;
			knownRegions = (
				en,
				Base,
			);
			mainGroup = F0C9A7012558955D00234F94;
			productRefGroup = F0C9A70B2558955D00234F94 /* Products */;
			projectDirPath = "";
			projectRoot = "";
			targets = (
				F0C9A7092558955D00234F94 /* iOS-route-filler */,
			);
		};
/* End PBXProject section */

/* Begin PBXResourcesBuildPhase section */
		F0C9A7082558955D00234F94 /* Resources */ = {
			isa = PBXResourcesBuildPhase;
			buildActionMask = 2147483647;
			files = (
				F0C9A71A2558955E00234F94 /* LaunchScreen.storyboard in Resources */,
				F0C9A7172558955E00234F94 /* Assets.xcassets in Resources */,
			);
			runOnlyForDeploymentPostprocessing = 0;
		};
/* End PBXResourcesBuildPhase section */

/* Begin PBXShellScriptBuildPhase section */
		CE34954714D3F3344276E043 /* [CP] Check Pods Manifest.lock */ = {
			isa = PBXShellScriptBuildPhase;
			buildActionMask = 2147483647;
			files = (
			);
			inputFileListPaths = (
			);
			inputPaths = (
				"${PODS_PODFILE_DIR_PATH}/Podfile.lock",
				"${PODS_ROOT}/Manifest.lock",
			);
			name = "[CP] Check Pods Manifest.lock";
			outputFileListPaths = (
			);
			outputPaths = (
				"$(DERIVED_FILE_DIR)/Pods-iOS-route-filler-checkManifestLockResult.txt",
			);
			runOnlyForDeploymentPostprocessing = 0;
			shellPath = /bin/sh;
			shellScript = "diff \"${PODS_PODFILE_DIR_PATH}/Podfile.lock\" \"${PODS_ROOT}/Manifest.lock\" > /dev/null\nif [ $? != 0 ] ; then\n    # print error to STDERR\n    echo \"error: The sandbox is not in sync with the Podfile.lock. Run 'pod install' or update your CocoaPods installation.\" >&2\n    exit 1\nfi\n# This output is used by Xcode 'outputs' to avoid re-running this script phase.\necho \"SUCCESS\" > \"${SCRIPT_OUTPUT_FILE_0}\"\n";
			showEnvVarsInLog = 0;
		};
		E64385AD6813137F0A17EDF2 /* [CP] Embed Pods Frameworks */ = {
			isa = PBXShellScriptBuildPhase;
			buildActionMask = 2147483647;
			files = (
			);
			inputFileListPaths = (
				"${PODS_ROOT}/Target Support Files/Pods-iOS-route-filler/Pods-iOS-route-filler-frameworks-${CONFIGURATION}-input-files.xcfilelist",
			);
			name = "[CP] Embed Pods Frameworks";
			outputFileListPaths = (
				"${PODS_ROOT}/Target Support Files/Pods-iOS-route-filler/Pods-iOS-route-filler-frameworks-${CONFIGURATION}-output-files.xcfilelist",
			);
			runOnlyForDeploymentPostprocessing = 0;
			shellPath = /bin/sh;
			shellScript = "\"${PODS_ROOT}/Target Support Files/Pods-iOS-route-filler/Pods-iOS-route-filler-frameworks.sh\"\n";
			showEnvVarsInLog = 0;
		};
/* End PBXShellScriptBuildPhase section */

/* Begin PBXSourcesBuildPhase section */
		F0C9A7062558955D00234F94 /* Sources */ = {
			isa = PBXSourcesBuildPhase;
			buildActionMask = 2147483647;
			files = (
				F0C9A7122558955D00234F94 /* ViewController.swift in Sources */,
				F0C9A70E2558955D00234F94 /* AppDelegate.swift in Sources */,
				F0C9A7102558955D00234F94 /* SceneDelegate.swift in Sources */,
			);
			runOnlyForDeploymentPostprocessing = 0;
		};
/* End PBXSourcesBuildPhase section */

/* Begin PBXVariantGroup section */
		F0C9A7182558955E00234F94 /* LaunchScreen.storyboard */ = {
			isa = PBXVariantGroup;
			children = (
				F0C9A7192558955E00234F94 /* Base */,
			);
			name = LaunchScreen.storyboard;
			sourceTree = "<group>";
		};
/* End PBXVariantGroup section */

/* Begin XCBuildConfiguration section */
		F0C9A71C2558955E00234F94 /* Debug */ = {
			isa = XCBuildConfiguration;
			buildSettings = {
				ALWAYS_SEARCH_USER_PATHS = NO;
				CLANG_ANALYZER_NONNULL = YES;
				CLANG_ANALYZER_NUMBER_OBJECT_CONVERSION = YES_AGGRESSIVE;
				CLANG_CXX_LANGUAGE_STANDARD = "gnu++14";
				CLANG_CXX_LIBRARY = "libc++";
				CLANG_ENABLE_MODULES = YES;
				CLANG_ENABLE_OBJC_ARC = YES;
				CLANG_ENABLE_OBJC_WEAK = YES;
				CLANG_WARN_BLOCK_CAPTURE_AUTORELEASING = YES;
				CLANG_WARN_BOOL_CONVERSION = YES;
				CLANG_WARN_COMMA = YES;
				CLANG_WARN_CONSTANT_CONVERSION = YES;
				CLANG_WARN_DEPRECATED_OBJC_IMPLEMENTATIONS = YES;
				CLANG_WARN_DIRECT_OBJC_ISA_USAGE = YES_ERROR;
				CLANG_WARN_DOCUMENTATION_COMMENTS = YES;
				CLANG_WARN_EMPTY_BODY = YES;
				CLANG_WARN_ENUM_CONVERSION = YES;
				CLANG_WARN_INFINITE_RECURSION = YES;
				CLANG_WARN_INT_CONVERSION = YES;
				CLANG_WARN_NON_LITERAL_NULL_CONVERSION = YES;
				CLANG_WARN_OBJC_IMPLICIT_RETAIN_SELF = YES;
				CLANG_WARN_OBJC_LITERAL_CONVERSION = YES;
				CLANG_WARN_OBJC_ROOT_CLASS = YES_ERROR;
				CLANG_WARN_RANGE_LOOP_ANALYSIS = YES;
				CLANG_WARN_STRICT_PROTOTYPES = YES;
				CLANG_WARN_SUSPICIOUS_MOVE = YES;
				CLANG_WARN_UNGUARDED_AVAILABILITY = YES_AGGRESSIVE;
				CLANG_WARN_UNREACHABLE_CODE = YES;
				CLANG_WARN__DUPLICATE_METHOD_MATCH = YES;
				COPY_PHASE_STRIP = NO;
				DEBUG_INFORMATION_FORMAT = dwarf;
				ENABLE_STRICT_OBJC_MSGSEND = YES;
				ENABLE_TESTABILITY = YES;
				GCC_C_LANGUAGE_STANDARD = gnu11;
				GCC_DYNAMIC_NO_PIC = NO;
				GCC_NO_COMMON_BLOCKS = YES;
				GCC_OPTIMIZATION_LEVEL = 0;
				GCC_PREPROCESSOR_DEFINITIONS = (
					"DEBUG=1",
					"$(inherited)",
				);
				GCC_WARN_64_TO_32_BIT_CONVERSION = YES;
				GCC_WARN_ABOUT_RETURN_TYPE = YES_ERROR;
				GCC_WARN_UNDECLARED_SELECTOR = YES;
				GCC_WARN_UNINITIALIZED_AUTOS = YES_AGGRESSIVE;
				GCC_WARN_UNUSED_FUNCTION = YES;
				GCC_WARN_UNUSED_VARIABLE = YES;
				IPHONEOS_DEPLOYMENT_TARGET = 13.7;
				MTL_ENABLE_DEBUG_INFO = INCLUDE_SOURCE;
				MTL_FAST_MATH = YES;
				ONLY_ACTIVE_ARCH = YES;
				SDKROOT = iphoneos;
				SWIFT_ACTIVE_COMPILATION_CONDITIONS = DEBUG;
				SWIFT_OPTIMIZATION_LEVEL = "-Onone";
			};
			name = Debug;
		};
		F0C9A71D2558955E00234F94 /* Release */ = {
			isa = XCBuildConfiguration;
			buildSettings = {
				ALWAYS_SEARCH_USER_PATHS = NO;
				CLANG_ANALYZER_NONNULL = YES;
				CLANG_ANALYZER_NUMBER_OBJECT_CONVERSION = YES_AGGRESSIVE;
				CLANG_CXX_LANGUAGE_STANDARD = "gnu++14";
				CLANG_CXX_LIBRARY = "libc++";
				CLANG_ENABLE_MODULES = YES;
				CLANG_ENABLE_OBJC_ARC = YES;
				CLANG_ENABLE_OBJC_WEAK = YES;
				CLANG_WARN_BLOCK_CAPTURE_AUTORELEASING = YES;
				CLANG_WARN_BOOL_CONVERSION = YES;
				CLANG_WARN_COMMA = YES;
				CLANG_WARN_CONSTANT_CONVERSION = YES;
				CLANG_WARN_DEPRECATED_OBJC_IMPLEMENTATIONS = YES;
				CLANG_WARN_DIRECT_OBJC_ISA_USAGE = YES_ERROR;
				CLANG_WARN_DOCUMENTATION_COMMENTS = YES;
				CLANG_WARN_EMPTY_BODY = YES;
				CLANG_WARN_ENUM_CONVERSION = YES;
				CLANG_WARN_INFINITE_RECURSION = YES;
				CLANG_WARN_INT_CONVERSION = YES;
				CLANG_WARN_NON_LITERAL_NULL_CONVERSION = YES;
				CLANG_WARN_OBJC_IMPLICIT_RETAIN_SELF = YES;
				CLANG_WARN_OBJC_LITERAL_CONVERSION = YES;
				CLANG_WARN_OBJC_ROOT_CLASS = YES_ERROR;
				CLANG_WARN_RANGE_LOOP_ANALYSIS = YES;
				CLANG_WARN_STRICT_PROTOTYPES = YES;
				CLANG_WARN_SUSPICIOUS_MOVE = YES;
				CLANG_WARN_UNGUARDED_AVAILABILITY = YES_AGGRESSIVE;
				CLANG_WARN_UNREACHABLE_CODE = YES;
				CLANG_WARN__DUPLICATE_METHOD_MATCH = YES;
				COPY_PHASE_STRIP = NO;
				DEBUG_INFORMATION_FORMAT = "dwarf-with-dsym";
				ENABLE_NS_ASSERTIONS = NO;
				ENABLE_STRICT_OBJC_MSGSEND = YES;
				GCC_C_LANGUAGE_STANDARD = gnu11;
				GCC_NO_COMMON_BLOCKS = YES;
				GCC_WARN_64_TO_32_BIT_CONVERSION = YES;
				GCC_WARN_ABOUT_RETURN_TYPE = YES_ERROR;
				GCC_WARN_UNDECLARED_SELECTOR = YES;
				GCC_WARN_UNINITIALIZED_AUTOS = YES_AGGRESSIVE;
				GCC_WARN_UNUSED_FUNCTION = YES;
				GCC_WARN_UNUSED_VARIABLE = YES;
				IPHONEOS_DEPLOYMENT_TARGET = 13.7;
				MTL_ENABLE_DEBUG_INFO = NO;
				MTL_FAST_MATH = YES;
				SDKROOT = iphoneos;
				SWIFT_COMPILATION_MODE = wholemodule;
				SWIFT_OPTIMIZATION_LEVEL = "-O";
				VALIDATE_PRODUCT = YES;
			};
			name = Release;
		};
		F0C9A71F2558955E00234F94 /* Debug */ = {
			isa = XCBuildConfiguration;
			baseConfigurationReference = 26D0B6CA696BB1AC1D0710D2 /* Pods-iOS-route-filler.debug.xcconfig */;
			buildSettings = {
				ASSETCATALOG_COMPILER_APPICON_NAME = AppIcon;
				CODE_SIGN_STYLE = Automatic;
				INFOPLIST_FILE = "iOS-route-filler/Info.plist";
				LD_RUNPATH_SEARCH_PATHS = (
					"$(inherited)",
					"@executable_path/Frameworks",
				);
				PRODUCT_BUNDLE_IDENTIFIER = "com.hfp.iOS-route-filler";
				PRODUCT_NAME = "$(TARGET_NAME)";
				SWIFT_VERSION = 5.0;
				TARGETED_DEVICE_FAMILY = "1,2";
			};
			name = Debug;
		};
		F0C9A7202558955E00234F94 /* Release */ = {
			isa = XCBuildConfiguration;
			baseConfigurationReference = D32BB5A444731EF718F730E2 /* Pods-iOS-route-filler.release.xcconfig */;
			buildSettings = {
				ASSETCATALOG_COMPILER_APPICON_NAME = AppIcon;
				CODE_SIGN_STYLE = Automatic;
				INFOPLIST_FILE = "iOS-route-filler/Info.plist";
				LD_RUNPATH_SEARCH_PATHS = (
					"$(inherited)",
					"@executable_path/Frameworks",
				);
				PRODUCT_BUNDLE_IDENTIFIER = "com.hfp.iOS-route-filler";
				PRODUCT_NAME = "$(TARGET_NAME)";
				SWIFT_VERSION = 5.0;
				TARGETED_DEVICE_FAMILY = "1,2";
			};
			name = Release;
		};
/* End XCBuildConfiguration section */

/* Begin XCConfigurationList section */
		F0C9A7052558955D00234F94 /* Build configuration list for PBXProject "iOS-route-filler" */ = {
			isa = XCConfigurationList;
			buildConfigurations = (
				F0C9A71C2558955E00234F94 /* Debug */,
				F0C9A71D2558955E00234F94 /* Release */,
			);
			defaultConfigurationIsVisible = 0;
			defaultConfigurationName = Release;
		};
		F0C9A71E2558955E00234F94 /* Build configuration list for PBXNativeTarget "iOS-route-filler" */ = {
			isa = XCConfigurationList;
			buildConfigurations = (
				F0C9A71F2558955E00234F94 /* Debug */,
				F0C9A7202558955E00234F94 /* Release */,
			);
			defaultConfigurationIsVisible = 0;
			defaultConfigurationName = Release;
		};
/* End XCConfigurationList section */
	};
	rootObject = F0C9A7022558955D00234F94 /* Project object */;
}
